// !$*UTF8*$!
{
	archiveVersion = 1;
	classes = {
	};
	objectVersion = 46;
	objects = {

/* Begin PBXBuildFile section */
		7A1E60A71B26310800FBC14D /* AppDelegate.swift in Sources */ = {isa = PBXBuildFile; fileRef = 7A1E60A61B26310800FBC14D /* AppDelegate.swift */; };
		7A1E60A91B26310800FBC14D /* ViewController.swift in Sources */ = {isa = PBXBuildFile; fileRef = 7A1E60A81B26310800FBC14D /* ViewController.swift */; };
		7A1E60AC1B26310800FBC14D /* Main.storyboard in Resources */ = {isa = PBXBuildFile; fileRef = 7A1E60AA1B26310800FBC14D /* Main.storyboard */; };
		7A1E60AE1B26310800FBC14D /* Images.xcassets in Resources */ = {isa = PBXBuildFile; fileRef = 7A1E60AD1B26310800FBC14D /* Images.xcassets */; };
		7A1E60B11B26310800FBC14D /* LaunchScreen.xib in Resources */ = {isa = PBXBuildFile; fileRef = 7A1E60AF1B26310800FBC14D /* LaunchScreen.xib */; };
		7A1E60BD1B26310800FBC14D /* Cat_YearsTests.swift in Sources */ = {isa = PBXBuildFile; fileRef = 7A1E60BC1B26310800FBC14D /* Cat_YearsTests.swift */; };
		7A1E60C71B2632BB00FBC14D /* nocat.png in Resources */ = {isa = PBXBuildFile; fileRef = 7A1E60C61B2632BB00FBC14D /* nocat.png */; };
/* End PBXBuildFile section */

/* Begin PBXContainerItemProxy section */
		7A1E60B71B26310800FBC14D /* PBXContainerItemProxy */ = {
			isa = PBXContainerItemProxy;
			containerPortal = 7A1E60991B26310700FBC14D /* Project object */;
			proxyType = 1;
			remoteGlobalIDString = 7A1E60A01B26310800FBC14D;
			remoteInfo = "Cat Years";
		};
		7A5AD2AA1B287E2600F4883D /* PBXContainerItemProxy */ = {
			isa = PBXContainerItemProxy;
			containerPortal = 7A5AD2A51B287E2400F4883D /* Cat Age Calculator.xcodeproj */;
			proxyType = 2;
			remoteGlobalIDString = 7A5AD2801B287E2400F4883D;
			remoteInfo = "Cat Age Calculator";
		};
		7A5AD2AC1B287E2600F4883D /* PBXContainerItemProxy */ = {
			isa = PBXContainerItemProxy;
			containerPortal = 7A5AD2A51B287E2400F4883D /* Cat Age Calculator.xcodeproj */;
			proxyType = 2;
			remoteGlobalIDString = 7A5AD2951B287E2400F4883D;
			remoteInfo = "Cat Age CalculatorTests";
		};
/* End PBXContainerItemProxy section */

/* Begin PBXFileReference section */
		7A1E60A11B26310800FBC14D /* Cat Years.app */ = {isa = PBXFileReference; explicitFileType = wrapper.application; includeInIndex = 0; path = "Cat Years.app"; sourceTree = BUILT_PRODUCTS_DIR; };
		7A1E60A51B26310800FBC14D /* Info.plist */ = {isa = PBXFileReference; lastKnownFileType = text.plist.xml; path = Info.plist; sourceTree = "<group>"; };
		7A1E60A61B26310800FBC14D /* AppDelegate.swift */ = {isa = PBXFileReference; lastKnownFileType = sourcecode.swift; path = AppDelegate.swift; sourceTree = "<group>"; };
		7A1E60A81B26310800FBC14D /* ViewController.swift */ = {isa = PBXFileReference; lastKnownFileType = sourcecode.swift; path = ViewController.swift; sourceTree = "<group>"; };
		7A1E60AB1B26310800FBC14D /* Base */ = {isa = PBXFileReference; lastKnownFileType = file.storyboard; name = Base; path = Base.lproj/Main.storyboard; sourceTree = "<group>"; };
		7A1E60AD1B26310800FBC14D /* Images.xcassets */ = {isa = PBXFileReference; lastKnownFileType = folder.assetcatalog; path = Images.xcassets; sourceTree = "<group>"; };
		7A1E60B01B26310800FBC14D /* Base */ = {isa = PBXFileReference; lastKnownFileType = file.xib; name = Base; path = Base.lproj/LaunchScreen.xib; sourceTree = "<group>"; };
		7A1E60B61B26310800FBC14D /* Cat YearsTests.xctest */ = {isa = PBXFileReference; explicitFileType = wrapper.cfbundle; includeInIndex = 0; path = "Cat YearsTests.xctest"; sourceTree = BUILT_PRODUCTS_DIR; };
		7A1E60BB1B26310800FBC14D /* Info.plist */ = {isa = PBXFileReference; lastKnownFileType = text.plist.xml; path = Info.plist; sourceTree = "<group>"; };
		7A1E60BC1B26310800FBC14D /* Cat_YearsTests.swift */ = {isa = PBXFileReference; lastKnownFileType = sourcecode.swift; path = Cat_YearsTests.swift; sourceTree = "<group>"; };
		7A1E60C61B2632BB00FBC14D /* nocat.png */ = {isa = PBXFileReference; lastKnownFileType = image.png; path = nocat.png; sourceTree = "<group>"; };
		7A5AD2A51B287E2400F4883D /* Cat Age Calculator.xcodeproj */ = {isa = PBXFileReference; lastKnownFileType = "wrapper.pb-project"; name = "Cat Age Calculator.xcodeproj"; path = "../../../../AD201/Cat Age Calculator/Cat Age Calculator.xcodeproj"; sourceTree = "<group>"; };
/* End PBXFileReference section */

/* Begin PBXFrameworksBuildPhase section */
		7A1E609E1B26310800FBC14D /* Frameworks */ = {
			isa = PBXFrameworksBuildPhase;
			buildActionMask = 2147483647;
			files = (
			);
			runOnlyForDeploymentPostprocessing = 0;
		};
		7A1E60B31B26310800FBC14D /* Frameworks */ = {
			isa = PBXFrameworksBuildPhase;
			buildActionMask = 2147483647;
			files = (
			);
			runOnlyForDeploymentPostprocessing = 0;
		};
/* End PBXFrameworksBuildPhase section */

/* Begin PBXGroup section */
		7A1E60981B26310700FBC14D = {
			isa = PBXGroup;
			children = (
				7A1E60A31B26310800FBC14D /* Cat Years */,
				7A1E60B91B26310800FBC14D /* Cat YearsTests */,
				7A1E60A21B26310800FBC14D /* Products */,
			);
			sourceTree = "<group>";
		};
		7A1E60A21B26310800FBC14D /* Products */ = {
			isa = PBXGroup;
			children = (
				7A1E60A11B26310800FBC14D /* Cat Years.app */,
				7A1E60B61B26310800FBC14D /* Cat YearsTests.xctest */,
			);
			name = Products;
			sourceTree = "<group>";
		};
		7A1E60A31B26310800FBC14D /* Cat Years */ = {
			isa = PBXGroup;
			children = (
				7A1E60A61B26310800FBC14D /* AppDelegate.swift */,
				7A1E60A81B26310800FBC14D /* ViewController.swift */,
				7A1E60AA1B26310800FBC14D /* Main.storyboard */,
				7A5AD2A51B287E2400F4883D /* Cat Age Calculator.xcodeproj */,
				7A1E60C61B2632BB00FBC14D /* nocat.png */,
				7A1E60AD1B26310800FBC14D /* Images.xcassets */,
				7A1E60AF1B26310800FBC14D /* LaunchScreen.xib */,
				7A1E60A41B26310800FBC14D /* Supporting Files */,
			);
			path = "Cat Years";
			sourceTree = "<group>";
		};
		7A1E60A41B26310800FBC14D /* Supporting Files */ = {
			isa = PBXGroup;
			children = (
				7A1E60A51B26310800FBC14D /* Info.plist */,
			);
			name = "Supporting Files";
			sourceTree = "<group>";
		};
		7A1E60B91B26310800FBC14D /* Cat YearsTests */ = {
			isa = PBXGroup;
			children = (
				7A1E60BC1B26310800FBC14D /* Cat_YearsTests.swift */,
				7A1E60BA1B26310800FBC14D /* Supporting Files */,
			);
			path = "Cat YearsTests";
			sourceTree = "<group>";
		};
		7A1E60BA1B26310800FBC14D /* Supporting Files */ = {
			isa = PBXGroup;
			children = (
				7A1E60BB1B26310800FBC14D /* Info.plist */,
			);
			name = "Supporting Files";
			sourceTree = "<group>";
		};
		7A5AD2A61B287E2400F4883D /* Products */ = {
			isa = PBXGroup;
			children = (
				7A5AD2AB1B287E2600F4883D /* Cat Age Calculator.app */,
				7A5AD2AD1B287E2600F4883D /* Cat Age CalculatorTests.xctest */,
			);
			name = Products;
			sourceTree = "<group>";
		};
/* End PBXGroup section */

/* Begin PBXNativeTarget section */
		7A1E60A01B26310800FBC14D /* Cat Years */ = {
			isa = PBXNativeTarget;
			buildConfigurationList = 7A1E60C01B26310800FBC14D /* Build configuration list for PBXNativeTarget "Cat Years" */;
			buildPhases = (
				7A1E609D1B26310800FBC14D /* Sources */,
				7A1E609E1B26310800FBC14D /* Frameworks */,
				7A1E609F1B26310800FBC14D /* Resources */,
			);
			buildRules = (
			);
			dependencies = (
			);
			name = "Cat Years";
			productName = "Cat Years";
			productReference = 7A1E60A11B26310800FBC14D /* Cat Years.app */;
			productType = "com.apple.product-type.application";
		};
		7A1E60B51B26310800FBC14D /* Cat YearsTests */ = {
			isa = PBXNativeTarget;
			buildConfigurationList = 7A1E60C31B26310800FBC14D /* Build configuration list for PBXNativeTarget "Cat YearsTests" */;
			buildPhases = (
				7A1E60B21B26310800FBC14D /* Sources */,
				7A1E60B31B26310800FBC14D /* Frameworks */,
				7A1E60B41B26310800FBC14D /* Resources */,
			);
			buildRules = (
			);
			dependencies = (
				7A1E60B81B26310800FBC14D /* PBXTargetDependency */,
			);
			name = "Cat YearsTests";
			productName = "Cat YearsTests";
			productReference = 7A1E60B61B26310800FBC14D /* Cat YearsTests.xctest */;
			productType = "com.apple.product-type.bundle.unit-test";
		};
/* End PBXNativeTarget section */

/* Begin PBXProject section */
		7A1E60991B26310700FBC14D /* Project object */ = {
			isa = PBXProject;
			attributes = {
				LastUpgradeCheck = 0630;
				ORGANIZATIONNAME = Jackson;
				TargetAttributes = {
					7A1E60A01B26310800FBC14D = {
						CreatedOnToolsVersion = 6.3.2;
					};
					7A1E60B51B26310800FBC14D = {
						CreatedOnToolsVersion = 6.3.2;
						TestTargetID = 7A1E60A01B26310800FBC14D;
					};
				};
			};
			buildConfigurationList = 7A1E609C1B26310700FBC14D /* Build configuration list for PBXProject "Cat Years" */;
			compatibilityVersion = "Xcode 3.2";
			developmentRegion = English;
			hasScannedForEncodings = 0;
			knownRegions = (
				en,
				Base,
			);
			mainGroup = 7A1E60981B26310700FBC14D;
			productRefGroup = 7A1E60A21B26310800FBC14D /* Products */;
			projectDirPath = "";
			projectReferences = (
				{
					ProductGroup = 7A5AD2A61B287E2400F4883D /* Products */;
					ProjectRef = 7A5AD2A51B287E2400F4883D /* Cat Age Calculator.xcodeproj */;
				},
			);
			projectRoot = "";
			targets = (
				7A1E60A01B26310800FBC14D /* Cat Years */,
				7A1E60B51B26310800FBC14D /* Cat YearsTests */,
			);
		};
/* End PBXProject section */

/* Begin PBXReferenceProxy section */
		7A5AD2AB1B287E2600F4883D /* Cat Age Calculator.app */ = {
			isa = PBXReferenceProxy;
			fileType = wrapper.application;
			path = "Cat Age Calculator.app";
			remoteRef = 7A5AD2AA1B287E2600F4883D /* PBXContainerItemProxy */;
			sourceTree = BUILT_PRODUCTS_DIR;
		};
		7A5AD2AD1B287E2600F4883D /* Cat Age CalculatorTests.xctest */ = {
			isa = PBXReferenceProxy;
			fileType = wrapper.cfbundle;
			path = "Cat Age CalculatorTests.xctest";
			remoteRef = 7A5AD2AC1B287E2600F4883D /* PBXContainerItemProxy */;
			sourceTree = BUILT_PRODUCTS_DIR;
		};
/* End PBXReferenceProxy section */

/* Begin PBXResourcesBuildPhase section */
		7A1E609F1B26310800FBC14D /* Resources */ = {
			isa = PBXResourcesBuildPhase;
			buildActionMask = 2147483647;
			files = (
				7A1E60AC1B26310800FBC14D /* Main.storyboard in Resources */,
				7A1E60C71B2632BB00FBC14D /* nocat.png in Resources */,
				7A1E60B11B26310800FBC14D /* LaunchScreen.xib in Resources */,
				7A1E60AE1B26310800FBC14D /* Images.xcassets in Resources */,
			);
			runOnlyForDeploymentPostprocessing = 0;
		};
		7A1E60B41B26310800FBC14D /* Resources */ = {
			isa = PBXResourcesBuildPhase;
			buildActionMask = 2147483647;
			files = (
			);
			runOnlyForDeploymentPostprocessing = 0;
		};
/* End PBXResourcesBuildPhase section */

/* Begin PBXSourcesBuildPhase section */
		7A1E609D1B26310800FBC14D /* Sources */ = {
			isa = PBXSourcesBuildPhase;
			buildActionMask = 2147483647;
			files = (
				7A1E60A91B26310800FBC14D /* ViewController.swift in Sources */,
				7A1E60A71B26310800FBC14D /* AppDelegate.swift in Sources */,
			);
			runOnlyForDeploymentPostprocessing = 0;
		};
		7A1E60B21B26310800FBC14D /* Sources */ = {
			isa = PBXSourcesBuildPhase;
			buildActionMask = 2147483647;
			files = (
				7A1E60BD1B26310800FBC14D /* Cat_YearsTests.swift in Sources */,
			);
			runOnlyForDeploymentPostprocessing = 0;
		};
/* End PBXSourcesBuildPhase section */

/* Begin PBXTargetDependency section */
		7A1E60B81B26310800FBC14D /* PBXTargetDependency */ = {
			isa = PBXTargetDependency;
			target = 7A1E60A01B26310800FBC14D /* Cat Years */;
			targetProxy = 7A1E60B71B26310800FBC14D /* PBXContainerItemProxy */;
		};
/* End PBXTargetDependency section */

/* Begin PBXVariantGroup section */
		7A1E60AA1B26310800FBC14D /* Main.storyboard */ = {
			isa = PBXVariantGroup;
			children = (
				7A1E60AB1B26310800FBC14D /* Base */,
			);
			name = Main.storyboard;
			sourceTree = "<group>";
		};
		7A1E60AF1B26310800FBC14D /* LaunchScreen.xib */ = {
			isa = PBXVariantGroup;
			children = (
				7A1E60B01B26310800FBC14D /* Base */,
			);
			name = LaunchScreen.xib;
			sourceTree = "<group>";
		};
/* End PBXVariantGroup section */

/* Begin XCBuildConfiguration section */
		7A1E60BE1B26310800FBC14D /* Debug */ = {
			isa = XCBuildConfiguration;
			buildSettings = {
				ALWAYS_SEARCH_USER_PATHS = NO;
				CLANG_CXX_LANGUAGE_STANDARD = "gnu++0x";
				CLANG_CXX_LIBRARY = "libc++";
				CLANG_ENABLE_MODULES = YES;
				CLANG_ENABLE_OBJC_ARC = YES;
				CLANG_WARN_BOOL_CONVERSION = YES;
				CLANG_WARN_CONSTANT_CONVERSION = YES;
				CLANG_WARN_DIRECT_OBJC_ISA_USAGE = YES_ERROR;
				CLANG_WARN_EMPTY_BODY = YES;
				CLANG_WARN_ENUM_CONVERSION = YES;
				CLANG_WARN_INT_CONVERSION = YES;
				CLANG_WARN_OBJC_ROOT_CLASS = YES_ERROR;
				CLANG_WARN_UNREACHABLE_CODE = YES;
				CLANG_WARN__DUPLICATE_METHOD_MATCH = YES;
				"CODE_SIGN_IDENTITY[sdk=iphoneos*]" = "iPhone Developer";
				COPY_PHASE_STRIP = NO;
				DEBUG_INFORMATION_FORMAT = "dwarf-with-dsym";
				ENABLE_STRICT_OBJC_MSGSEND = YES;
				GCC_C_LANGUAGE_STANDARD = gnu99;
				GCC_DYNAMIC_NO_PIC = NO;
				GCC_NO_COMMON_BLOCKS = YES;
				GCC_OPTIMIZATION_LEVEL = 0;
				GCC_PREPROCESSOR_DEFINITIONS = (
					"DEBUG=1",
					"$(inherited)",
				);
				GCC_SYMBOLS_PRIVATE_EXTERN = NO;
				GCC_WARN_64_TO_32_BIT_CONVERSION = YES;
				GCC_WARN_ABOUT_RETURN_TYPE = YES_ERROR;
				GCC_WARN_UNDECLARED_SELECTOR = YES;
				GCC_WARN_UNINITIALIZED_AUTOS = YES_AGGRESSIVE;
				GCC_WARN_UNUSED_FUNCTION = YES;
				GCC_WARN_UNUSED_VARIABLE = YES;
				IPHONEOS_DEPLOYMENT_TARGET = 8.3;
				MTL_ENABLE_DEBUG_INFO = YES;
				ONLY_ACTIVE_ARCH = YES;
				SDKROOT = iphoneos;
				SWIFT_OPTIMIZATION_LEVEL = "-Onone";
				TARGETED_DEVICE_FAMILY = "1,2";
			};
			name = Debug;
		};
		7A1E60BF1B26310800FBC14D /* Release */ = {
			isa = XCBuildConfiguration;
			buildSettings = {
				ALWAYS_SEARCH_USER_PATHS = NO;
				CLANG_CXX_LANGUAGE_STANDARD = "gnu++0x";
				CLANG_CXX_LIBRARY = "libc++";
				CLANG_ENABLE_MODULES = YES;
				CLANG_ENABLE_OBJC_ARC = YES;
				CLANG_WARN_BOOL_CONVERSION = YES;
				CLANG_WARN_CONSTANT_CONVERSION = YES;
				CLANG_WARN_DIRECT_OBJC_ISA_USAGE = YES_ERROR;
				CLANG_WARN_EMPTY_BODY = YES;
				CLANG_WARN_ENUM_CONVERSION = YES;
				CLANG_WARN_INT_CONVERSION = YES;
				CLANG_WARN_OBJC_ROOT_CLASS = YES_ERROR;
				CLANG_WARN_UNREACHABLE_CODE = YES;
				CLANG_WARN__DUPLICATE_METHOD_MATCH = YES;
				"CODE_SIGN_IDENTITY[sdk=iphoneos*]" = "iPhone Developer";
				COPY_PHASE_STRIP = NO;
				DEBUG_INFORMATION_FORMAT = "dwarf-with-dsym";
				ENABLE_NS_ASSERTIONS = NO;
				ENABLE_STRICT_OBJC_MSGSEND = YES;
				GCC_C_LANGUAGE_STANDARD = gnu99;
				GCC_NO_COMMON_BLOCKS = YES;
				GCC_WARN_64_TO_32_BIT_CONVERSION = YES;
				GCC_WARN_ABOUT_RETURN_TYPE = YES_ERROR;
				GCC_WARN_UNDECLARED_SELECTOR = YES;
				GCC_WARN_UNINITIALIZED_AUTOS = YES_AGGRESSIVE;
				GCC_WARN_UNUSED_FUNCTION = YES;
				GCC_WARN_UNUSED_VARIABLE = YES;
				IPHONEOS_DEPLOYMENT_TARGET = 8.3;
				MTL_ENABLE_DEBUG_INFO = NO;
				SDKROOT = iphoneos;
				TARGETED_DEVICE_FAMILY = "1,2";
				VALIDATE_PRODUCT = YES;
			};
			name = Release;
		};
		7A1E60C11B26310800FBC14D /* Debug */ = {
			isa = XCBuildConfiguration;
			buildSettings = {
				ASSETCATALOG_COMPILER_APPICON_NAME = AppIcon;
				INFOPLIST_FILE = "Cat Years/Info.plist";
				LD_RUNPATH_SEARCH_PATHS = "$(inherited) @executable_path/Frameworks";
				PRODUCT_NAME = "$(TARGET_NAME)";
			};
			name = Debug;
		};
		7A1E60C21B26310800FBC14D /* Release */ = {
			isa = XCBuildConfiguration;
			buildSettings = {
				ASSETCATALOG_COMPILER_APPICON_NAME = AppIcon;
				INFOPLIST_FILE = "Cat Years/Info.plist";
				LD_RUNPATH_SEARCH_PATHS = "$(inherited) @executable_path/Frameworks";
				PRODUCT_NAME = "$(TARGET_NAME)";
			};
			name = Release;
		};
		7A1E60C41B26310800FBC14D /* Debug */ = {
			isa = XCBuildConfiguration;
			buildSettings = {
				BUNDLE_LOADER = "$(TEST_HOST)";
				FRAMEWORK_SEARCH_PATHS = (
					"$(SDKROOT)/Developer/Library/Frameworks",
					"$(inherited)",
				);
				GCC_PREPROCESSOR_DEFINITIONS = (
					"DEBUG=1",
					"$(inherited)",
				);
				INFOPLIST_FILE = "Cat YearsTests/Info.plist";
				LD_RUNPATH_SEARCH_PATHS = "$(inherited) @executable_path/Frameworks @loader_path/Frameworks";
				PRODUCT_NAME = "$(TARGET_NAME)";
				TEST_HOST = "$(BUILT_PRODUCTS_DIR)/Cat Years.app/Cat Years";
			};
			name = Debug;
		};
		7A1E60C51B26310800FBC14D /* Release */ = {
			isa = XCBuildConfiguration;
			buildSettings = {
				BUNDLE_LOADER = "$(TEST_HOST)";
				FRAMEWORK_SEARCH_PATHS = (
					"$(SDKROOT)/Developer/Library/Frameworks",
					"$(inherited)",
				);
				INFOPLIST_FILE = "Cat YearsTests/Info.plist";
				LD_RUNPATH_SEARCH_PATHS = "$(inherited) @executable_path/Frameworks @loader_path/Frameworks";
				PRODUCT_NAME = "$(TARGET_NAME)";
				TEST_HOST = "$(BUILT_PRODUCTS_DIR)/Cat Years.app/Cat Years";
			};
			name = Release;
		};
/* End XCBuildConfiguration section */

/* Begin XCConfigurationList section */
		7A1E609C1B26310700FBC14D /* Build configuration list for PBXProject "Cat Years" */ = {
			isa = XCConfigurationList;
			buildConfigurations = (
				7A1E60BE1B26310800FBC14D /* Debug */,
				7A1E60BF1B26310800FBC14D /* Release */,
			);
			defaultConfigurationIsVisible = 0;
			defaultConfigurationName = Release;
		};
		7A1E60C01B26310800FBC14D /* Build configuration list for PBXNativeTarget "Cat Years" */ = {
			isa = XCConfigurationList;
			buildConfigurations = (
				7A1E60C11B26310800FBC14D /* Debug */,
				7A1E60C21B26310800FBC14D /* Release */,
			);
			defaultConfigurationIsVisible = 0;
			defaultConfigurationName = Release;
		};
		7A1E60C31B26310800FBC14D /* Build configuration list for PBXNativeTarget "Cat YearsTests" */ = {
			isa = XCConfigurationList;
			buildConfigurations = (
				7A1E60C41B26310800FBC14D /* Debug */,
				7A1E60C51B26310800FBC14D /* Release */,
			);
			defaultConfigurationIsVisible = 0;
			defaultConfigurationName = Release;
		};
/* End XCConfigurationList section */
	};
	rootObject = 7A1E60991B26310700FBC14D /* Project object */;
}
